
Microsoft Visual Studio Solution File, Format Version 12.00
# Visual Studio Version 16
VisualStudioVersion = 16.0.30104.148
MinimumVisualStudioVersion = 10.0.40219.1
Project("{FAE04EC0-301F-11D3-BF4B-00C04F79EFBC}") = "Easy Logger", "Easy-Logger\Easy-Logger.csproj", "{E02FCEB2-FAB7-46B1-B4B4-401B6B7CC4DA}"
EndProject
Global
	GlobalSection(SolutionConfigurationPlatforms) = preSolution
		Debug|Any CPU = Debug|Any CPU
		Release|Any CPU = Release|Any CPU
	EndGlobalSection
	GlobalSection(ProjectConfigurationPlatforms) = postSolution
		{E02FCEB2-FAB7-46B1-B4B4-401B6B7CC4DA}.Debug|Any CPU.ActiveCfg = Debug|Any CPU
		{E02FCEB2-FAB7-46B1-B4B4-401B6B7CC4DA}.Debug|Any CPU.Build.0 = Debug|Any CPU
		{E02FCEB2-FAB7-46B1-B4B4-401B6B7CC4DA}.Release|Any CPU.ActiveCfg = Release|Any CPU
		{E02FCEB2-FAB7-46B1-B4B4-401B6B7CC4DA}.Release|Any CPU.Build.0 = Release|Any CPU
	EndGlobalSection
	GlobalSection(SolutionProperties) = preSolution
		HideSolutionNode = FALSE
	EndGlobalSection
	GlobalSection(ExtensibilityGlobals) = postSolution
		SolutionGuid = {BB75EDE6-BEB6-4D07-A0D3-7E0D381CECD7}
	EndGlobalSection
EndGlobal
